
Microsoft Visual Studio Solution File, Format Version 12.00
# Visual Studio 2013
VisualStudioVersion = 12.0.31101.0
MinimumVisualStudioVersion = 10.0.40219.1
Project("{FAE04EC0-301F-11D3-BF4B-00C04F79EFBC}") = "ComboSurf.com", "ComboSurf.com\ComboSurf.com.csproj", "{CA2F6E93-7226-4967-88C8-CE01A6D42EAC}"
EndProject
Project("{FAE04EC0-301F-11D3-BF4B-00C04F79EFBC}") = "ComboSurf.com.Tests", "ComboSurf.com.Tests\ComboSurf.com.Tests.csproj", "{089C8C54-603E-49BC-A47B-7F2BB4ABA949}"
EndProject
Global
	GlobalSection(SolutionConfigurationPlatforms) = preSolution
		Debug|Any CPU = Debug|Any CPU
		Release|Any CPU = Release|Any CPU
	EndGlobalSection
	GlobalSection(ProjectConfigurationPlatforms) = postSolution
		{CA2F6E93-7226-4967-88C8-CE01A6D42EAC}.Debug|Any CPU.ActiveCfg = Debug|Any CPU
		{CA2F6E93-7226-4967-88C8-CE01A6D42EAC}.Debug|Any CPU.Build.0 = Debug|Any CPU
		{CA2F6E93-7226-4967-88C8-CE01A6D42EAC}.Release|Any CPU.ActiveCfg = Release|Any CPU
		{CA2F6E93-7226-4967-88C8-CE01A6D42EAC}.Release|Any CPU.Build.0 = Release|Any CPU
		{089C8C54-603E-49BC-A47B-7F2BB4ABA949}.Debug|Any CPU.ActiveCfg = Debug|Any CPU
		{089C8C54-603E-49BC-A47B-7F2BB4ABA949}.Debug|Any CPU.Build.0 = Debug|Any CPU
		{089C8C54-603E-49BC-A47B-7F2BB4ABA949}.Release|Any CPU.ActiveCfg = Release|Any CPU
		{089C8C54-603E-49BC-A47B-7F2BB4ABA949}.Release|Any CPU.Build.0 = Release|Any CPU
	EndGlobalSection
	GlobalSection(SolutionProperties) = preSolution
		HideSolutionNode = FALSE
	EndGlobalSection
EndGlobal
